
Microsoft Visual Studio Solution File, Format Version 10.00
# Visual Studio 2008
Project("{8BC9CEB8-8B4A-11D0-8D11-00A0C91BC942}") = "matHCRF", "matHCRF\matHCRF.vcproj", "{41FEFE06-8F19-4561-AA07-BD783DD21976}"
	ProjectSection(ProjectDependencies) = postProject
		{7C9F26EF-21D3-4C93-9C76-7BE249BB72CF} = {7C9F26EF-21D3-4C93-9C76-7BE249BB72CF}
	EndProjectSection
EndProject
Project("{8BC9CEB8-8B4A-11D0-8D11-00A0C91BC942}") = "testHCRF", "testHCRF\testHCRF.vcproj", "{C18FCADB-1BB6-4C0C-8829-0EC5D4507D2E}"
	ProjectSection(ProjectDependencies) = postProject
		{7C9F26EF-21D3-4C93-9C76-7BE249BB72CF} = {7C9F26EF-21D3-4C93-9C76-7BE249BB72CF}
	EndProjectSection
EndProject
Project("{8BC9CEB8-8B4A-11D0-8D11-00A0C91BC942}") = "hCRF", "..\libs\shared\hCRF\hCRF.vcproj", "{7C9F26EF-21D3-4C93-9C76-7BE249BB72CF}"
EndProject
Project("{8BC9CEB8-8B4A-11D0-8D11-00A0C91BC942}") = "UnitTestHCRF", "..\UnitTest\UnitTestHCRF.vcproj", "{AA671A70-04DB-4735-8AAC-862A1B6845CD}"
	ProjectSection(ProjectDependencies) = postProject
		{7C9F26EF-21D3-4C93-9C76-7BE249BB72CF} = {7C9F26EF-21D3-4C93-9C76-7BE249BB72CF}
	EndProjectSection
EndProject
Project("{8BC9CEB8-8B4A-11D0-8D11-00A0C91BC942}") = "testCNF", "testCNF\testCNF.vcproj", "{09368DD6-E81F-4CBE-836B-62C2E0ABE3CE}"
	ProjectSection(ProjectDependencies) = postProject
		{7C9F26EF-21D3-4C93-9C76-7BE249BB72CF} = {7C9F26EF-21D3-4C93-9C76-7BE249BB72CF}
	EndProjectSection
EndProject
Global
	GlobalSection(SolutionConfigurationPlatforms) = preSolution
		Debug|Win32 = Debug|Win32
		Debug|x64 = Debug|x64
		DebugOpenMP|Win32 = DebugOpenMP|Win32
		DebugOpenMP|x64 = DebugOpenMP|x64
		Release|Win32 = Release|Win32
		Release|x64 = Release|x64
		ReleaseOpenMP|Win32 = ReleaseOpenMP|Win32
		ReleaseOpenMP|x64 = ReleaseOpenMP|x64
	EndGlobalSection
	GlobalSection(ProjectConfigurationPlatforms) = postSolution
		{41FEFE06-8F19-4561-AA07-BD783DD21976}.Debug|Win32.ActiveCfg = Debug|Win32
		{41FEFE06-8F19-4561-AA07-BD783DD21976}.Debug|Win32.Build.0 = Debug|Win32
		{41FEFE06-8F19-4561-AA07-BD783DD21976}.Debug|x64.ActiveCfg = Debug|x64
		{41FEFE06-8F19-4561-AA07-BD783DD21976}.Debug|x64.Build.0 = Debug|x64
		{41FEFE06-8F19-4561-AA07-BD783DD21976}.DebugOpenMP|Win32.ActiveCfg = DebugOpenMP|Win32
		{41FEFE06-8F19-4561-AA07-BD783DD21976}.DebugOpenMP|Win32.Build.0 = DebugOpenMP|Win32
		{41FEFE06-8F19-4561-AA07-BD783DD21976}.DebugOpenMP|x64.ActiveCfg = DebugOpenMP|x64
		{41FEFE06-8F19-4561-AA07-BD783DD21976}.DebugOpenMP|x64.Build.0 = DebugOpenMP|x64
		{41FEFE06-8F19-4561-AA07-BD783DD21976}.Release|Win32.ActiveCfg = Release|Win32
		{41FEFE06-8F19-4561-AA07-BD783DD21976}.Release|Win32.Build.0 = Release|Win32
		{41FEFE06-8F19-4561-AA07-BD783DD21976}.Release|x64.ActiveCfg = Release|x64
		{41FEFE06-8F19-4561-AA07-BD783DD21976}.Release|x64.Build.0 = Release|x64
		{41FEFE06-8F19-4561-AA07-BD783DD21976}.ReleaseOpenMP|Win32.ActiveCfg = ReleaseOpenMP|Win32
		{41FEFE06-8F19-4561-AA07-BD783DD21976}.ReleaseOpenMP|Win32.Build.0 = ReleaseOpenMP|Win32
		{41FEFE06-8F19-4561-AA07-BD783DD21976}.ReleaseOpenMP|x64.ActiveCfg = ReleaseOpenMP|x64
		{41FEFE06-8F19-4561-AA07-BD783DD21976}.ReleaseOpenMP|x64.Build.0 = ReleaseOpenMP|x64
		{C18FCADB-1BB6-4C0C-8829-0EC5D4507D2E}.Debug|Win32.ActiveCfg = Debug|Win32
		{C18FCADB-1BB6-4C0C-8829-0EC5D4507D2E}.Debug|Win32.Build.0 = Debug|Win32
		{C18FCADB-1BB6-4C0C-8829-0EC5D4507D2E}.Debug|x64.ActiveCfg = Debug|x64
		{C18FCADB-1BB6-4C0C-8829-0EC5D4507D2E}.Debug|x64.Build.0 = Debug|x64
		{C18FCADB-1BB6-4C0C-8829-0EC5D4507D2E}.DebugOpenMP|Win32.ActiveCfg = DebugOpenMP|Win32
		{C18FCADB-1BB6-4C0C-8829-0EC5D4507D2E}.DebugOpenMP|Win32.Build.0 = DebugOpenMP|Win32
		{C18FCADB-1BB6-4C0C-8829-0EC5D4507D2E}.DebugOpenMP|x64.ActiveCfg = DebugOpenMP|x64
		{C18FCADB-1BB6-4C0C-8829-0EC5D4507D2E}.DebugOpenMP|x64.Build.0 = DebugOpenMP|x64
		{C18FCADB-1BB6-4C0C-8829-0EC5D4507D2E}.Release|Win32.ActiveCfg = Release|Win32
		{C18FCADB-1BB6-4C0C-8829-0EC5D4507D2E}.Release|Win32.Build.0 = Release|Win32
		{C18FCADB-1BB6-4C0C-8829-0EC5D4507D2E}.Release|x64.ActiveCfg = Release|x64
		{C18FCADB-1BB6-4C0C-8829-0EC5D4507D2E}.Release|x64.Build.0 = Release|x64
		{C18FCADB-1BB6-4C0C-8829-0EC5D4507D2E}.ReleaseOpenMP|Win32.ActiveCfg = ReleaseOpenMP|Win32
		{C18FCADB-1BB6-4C0C-8829-0EC5D4507D2E}.ReleaseOpenMP|Win32.Build.0 = ReleaseOpenMP|Win32
		{C18FCADB-1BB6-4C0C-8829-0EC5D4507D2E}.ReleaseOpenMP|x64.ActiveCfg = ReleaseOpenMP|x64
		{C18FCADB-1BB6-4C0C-8829-0EC5D4507D2E}.ReleaseOpenMP|x64.Build.0 = ReleaseOpenMP|x64
		{7C9F26EF-21D3-4C93-9C76-7BE249BB72CF}.Debug|Win32.ActiveCfg = Debug|Win32
		{7C9F26EF-21D3-4C93-9C76-7BE249BB72CF}.Debug|Win32.Build.0 = Debug|Win32
		{7C9F26EF-21D3-4C93-9C76-7BE249BB72CF}.Debug|x64.ActiveCfg = Debug|x64
		{7C9F26EF-21D3-4C93-9C76-7BE249BB72CF}.Debug|x64.Build.0 = Debug|x64
		{7C9F26EF-21D3-4C93-9C76-7BE249BB72CF}.DebugOpenMP|Win32.ActiveCfg = DebugOpenMP|Win32
		{7C9F26EF-21D3-4C93-9C76-7BE249BB72CF}.DebugOpenMP|Win32.Build.0 = DebugOpenMP|Win32
		{7C9F26EF-21D3-4C93-9C76-7BE249BB72CF}.DebugOpenMP|x64.ActiveCfg = DebugOpenMP|x64
		{7C9F26EF-21D3-4C93-9C76-7BE249BB72CF}.DebugOpenMP|x64.Build.0 = DebugOpenMP|x64
		{7C9F26EF-21D3-4C93-9C76-7BE249BB72CF}.Release|Win32.ActiveCfg = Release|Win32
		{7C9F26EF-21D3-4C93-9C76-7BE249BB72CF}.Release|Win32.Build.0 = Release|Win32
		{7C9F26EF-21D3-4C93-9C76-7BE249BB72CF}.Release|x64.ActiveCfg = Release|x64
		{7C9F26EF-21D3-4C93-9C76-7BE249BB72CF}.Release|x64.Build.0 = Release|x64
		{7C9F26EF-21D3-4C93-9C76-7BE249BB72CF}.ReleaseOpenMP|Win32.ActiveCfg = ReleaseOpenMP|Win32
		{7C9F26EF-21D3-4C93-9C76-7BE249BB72CF}.ReleaseOpenMP|Win32.Build.0 = ReleaseOpenMP|Win32
		{7C9F26EF-21D3-4C93-9C76-7BE249BB72CF}.ReleaseOpenMP|x64.ActiveCfg = ReleaseOpenMP|x64
		{7C9F26EF-21D3-4C93-9C76-7BE249BB72CF}.ReleaseOpenMP|x64.Build.0 = ReleaseOpenMP|x64
		{AA671A70-04DB-4735-8AAC-862A1B6845CD}.Debug|Win32.ActiveCfg = Debug|Win32
		{AA671A70-04DB-4735-8AAC-862A1B6845CD}.Debug|Win32.Build.0 = Debug|Win32
		{AA671A70-04DB-4735-8AAC-862A1B6845CD}.Debug|x64.ActiveCfg = Debug|x64
		{AA671A70-04DB-4735-8AAC-862A1B6845CD}.Debug|x64.Build.0 = Debug|x64
		{AA671A70-04DB-4735-8AAC-862A1B6845CD}.DebugOpenMP|Win32.ActiveCfg = DebugOpenMP|Win32
		{AA671A70-04DB-4735-8AAC-862A1B6845CD}.DebugOpenMP|Win32.Build.0 = DebugOpenMP|Win32
		{AA671A70-04DB-4735-8AAC-862A1B6845CD}.DebugOpenMP|x64.ActiveCfg = DebugOpenMP|x64
		{AA671A70-04DB-4735-8AAC-862A1B6845CD}.DebugOpenMP|x64.Build.0 = DebugOpenMP|x64
		{AA671A70-04DB-4735-8AAC-862A1B6845CD}.Release|Win32.ActiveCfg = Release|Win32
		{AA671A70-04DB-4735-8AAC-862A1B6845CD}.Release|Win32.Build.0 = Release|Win32
		{AA671A70-04DB-4735-8AAC-862A1B6845CD}.Release|x64.ActiveCfg = Release|x64
		{AA671A70-04DB-4735-8AAC-862A1B6845CD}.Release|x64.Build.0 = Release|x64
		{AA671A70-04DB-4735-8AAC-862A1B6845CD}.ReleaseOpenMP|Win32.ActiveCfg = ReleaseOpenMP|Win32
		{AA671A70-04DB-4735-8AAC-862A1B6845CD}.ReleaseOpenMP|Win32.Build.0 = ReleaseOpenMP|Win32
		{AA671A70-04DB-4735-8AAC-862A1B6845CD}.ReleaseOpenMP|x64.ActiveCfg = ReleaseOpenMP|x64
		{AA671A70-04DB-4735-8AAC-862A1B6845CD}.ReleaseOpenMP|x64.Build.0 = ReleaseOpenMP|x64
		{09368DD6-E81F-4CBE-836B-62C2E0ABE3CE}.Debug|Win32.ActiveCfg = Debug|Win32
		{09368DD6-E81F-4CBE-836B-62C2E0ABE3CE}.Debug|Win32.Build.0 = Debug|Win32
		{09368DD6-E81F-4CBE-836B-62C2E0ABE3CE}.Debug|x64.ActiveCfg = Debug|x64
		{09368DD6-E81F-4CBE-836B-62C2E0ABE3CE}.Debug|x64.Build.0 = Debug|x64
		{09368DD6-E81F-4CBE-836B-62C2E0ABE3CE}.DebugOpenMP|Win32.ActiveCfg = Debug|Win32
		{09368DD6-E81F-4CBE-836B-62C2E0ABE3CE}.DebugOpenMP|Win32.Build.0 = Debug|Win32
		{09368DD6-E81F-4CBE-836B-62C2E0ABE3CE}.DebugOpenMP|x64.ActiveCfg = Debug|Win32
		{09368DD6-E81F-4CBE-836B-62C2E0ABE3CE}.Release|Win32.ActiveCfg = Release|Win32
		{09368DD6-E81F-4CBE-836B-62C2E0ABE3CE}.Release|Win32.Build.0 = Release|Win32
		{09368DD6-E81F-4CBE-836B-62C2E0ABE3CE}.Release|x64.ActiveCfg = Release|x64
		{09368DD6-E81F-4CBE-836B-62C2E0ABE3CE}.Release|x64.Build.0 = Release|x64
		{09368DD6-E81F-4CBE-836B-62C2E0ABE3CE}.ReleaseOpenMP|Win32.ActiveCfg = Release|Win32
		{09368DD6-E81F-4CBE-836B-62C2E0ABE3CE}.ReleaseOpenMP|Win32.Build.0 = Release|Win32
		{09368DD6-E81F-4CBE-836B-62C2E0ABE3CE}.ReleaseOpenMP|x64.ActiveCfg = Release|x64
		{09368DD6-E81F-4CBE-836B-62C2E0ABE3CE}.ReleaseOpenMP|x64.Build.0 = Release|x64
	EndGlobalSection
	GlobalSection(SolutionProperties) = preSolution
		HideSolutionNode = FALSE
	EndGlobalSection
EndGlobal
